
Microsoft Visual Studio Solution File, Format Version 12.00
# Visual Studio 2012
Project("{8BC9CEB8-8B4A-11D0-8D11-00A0C91BC942}") = "ConsoleApplication1", "ConsoleApplication1\ConsoleApplication1.vcxproj", "{9474CC1B-C112-4BAA-8BB3-8C6C1FF35A91}"
EndProject
Global
	GlobalSection(SolutionConfigurationPlatforms) = preSolution
		Debug|Win32 = Debug|Win32
		Release|Win32 = Release|Win32
	EndGlobalSection
	GlobalSection(ProjectConfigurationPlatforms) = postSolution
		{9474CC1B-C112-4BAA-8BB3-8C6C1FF35A91}.Debug|Win32.ActiveCfg = Debug|Win32
		{9474CC1B-C112-4BAA-8BB3-8C6C1FF35A91}.Debug|Win32.Build.0 = Debug|Win32
		{9474CC1B-C112-4BAA-8BB3-8C6C1FF35A91}.Release|Win32.ActiveCfg = Release|Win32
		{9474CC1B-C112-4BAA-8BB3-8C6C1FF35A91}.Release|Win32.Build.0 = Release|Win32
	EndGlobalSection
	GlobalSection(SolutionProperties) = preSolution
		HideSolutionNode = FALSE
	EndGlobalSection
EndGlobal
